
Microsoft Visual Studio Solution File, Format Version 12.00
# Visual Studio Version 17
VisualStudioVersion = 17.6.33815.320
MinimumVisualStudioVersion = 10.0.40219.1
Project("{FAE04EC0-301F-11D3-BF4B-00C04F79EFBC}") = "Topic 11.5 Calculator", "Topic 11.5 Calculator.csproj", "{AD0FF407-3665-44C0-AE44-A7F58E976A71}"
EndProject
Global
	GlobalSection(SolutionConfigurationPlatforms) = preSolution
		Debug|Any CPU = Debug|Any CPU
		Release|Any CPU = Release|Any CPU
	EndGlobalSection
	GlobalSection(ProjectConfigurationPlatforms) = postSolution
		{AD0FF407-3665-44C0-AE44-A7F58E976A71}.Debug|Any CPU.ActiveCfg = Debug|Any CPU
		{AD0FF407-3665-44C0-AE44-A7F58E976A71}.Debug|Any CPU.Build.0 = Debug|Any CPU
		{AD0FF407-3665-44C0-AE44-A7F58E976A71}.Release|Any CPU.ActiveCfg = Release|Any CPU
		{AD0FF407-3665-44C0-AE44-A7F58E976A71}.Release|Any CPU.Build.0 = Release|Any CPU
	EndGlobalSection
	GlobalSection(SolutionProperties) = preSolution
		HideSolutionNode = FALSE
	EndGlobalSection
	GlobalSection(ExtensibilityGlobals) = postSolution
		SolutionGuid = {88D5A776-6114-4CF8-81A9-7509818EFA55}
	EndGlobalSection
EndGlobal
